
Microsoft Visual Studio Solution File, Format Version 12.00
# Visual Studio 2012
Project("{FAE04EC0-301F-11D3-BF4B-00C04F79EFBC}") = "Web.API", "Web.API\Web.API.csproj", "{EC8F7BBB-1904-41DB-A912-8FABD07EC6FD}"
EndProject
Project("{FAE04EC0-301F-11D3-BF4B-00C04F79EFBC}") = "Web.API.Tests", "Web.API.Tests\Web.API.Tests.csproj", "{1DD24F20-CEC4-4DCE-B511-86DAD8804033}"
EndProject
Project("{FAE04EC0-301F-11D3-BF4B-00C04F79EFBC}") = "BLL", "BLL\BLL.csproj", "{02F8438F-CCF6-41E6-9AB3-AF316A02CFE0}"
EndProject
Project("{FAE04EC0-301F-11D3-BF4B-00C04F79EFBC}") = "Web.MVC", "Web.MVC\Web.MVC.csproj", "{839A403E-9E64-4F46-838D-CB833706E43A}"
EndProject
Project("{FAE04EC0-301F-11D3-BF4B-00C04F79EFBC}") = "Web.Common", "Web.Common\Web.Common.csproj", "{6B158873-47B5-4463-AC0D-40E1B6986A88}"
EndProject
Global
	GlobalSection(SolutionConfigurationPlatforms) = preSolution
		Debug|Any CPU = Debug|Any CPU
		Release|Any CPU = Release|Any CPU
	EndGlobalSection
	GlobalSection(ProjectConfigurationPlatforms) = postSolution
		{EC8F7BBB-1904-41DB-A912-8FABD07EC6FD}.Debug|Any CPU.ActiveCfg = Debug|Any CPU
		{EC8F7BBB-1904-41DB-A912-8FABD07EC6FD}.Debug|Any CPU.Build.0 = Debug|Any CPU
		{EC8F7BBB-1904-41DB-A912-8FABD07EC6FD}.Release|Any CPU.ActiveCfg = Release|Any CPU
		{EC8F7BBB-1904-41DB-A912-8FABD07EC6FD}.Release|Any CPU.Build.0 = Release|Any CPU
		{1DD24F20-CEC4-4DCE-B511-86DAD8804033}.Debug|Any CPU.ActiveCfg = Debug|Any CPU
		{1DD24F20-CEC4-4DCE-B511-86DAD8804033}.Debug|Any CPU.Build.0 = Debug|Any CPU
		{1DD24F20-CEC4-4DCE-B511-86DAD8804033}.Release|Any CPU.ActiveCfg = Release|Any CPU
		{1DD24F20-CEC4-4DCE-B511-86DAD8804033}.Release|Any CPU.Build.0 = Release|Any CPU
		{02F8438F-CCF6-41E6-9AB3-AF316A02CFE0}.Debug|Any CPU.ActiveCfg = Debug|Any CPU
		{02F8438F-CCF6-41E6-9AB3-AF316A02CFE0}.Debug|Any CPU.Build.0 = Debug|Any CPU
		{02F8438F-CCF6-41E6-9AB3-AF316A02CFE0}.Release|Any CPU.ActiveCfg = Release|Any CPU
		{02F8438F-CCF6-41E6-9AB3-AF316A02CFE0}.Release|Any CPU.Build.0 = Release|Any CPU
		{839A403E-9E64-4F46-838D-CB833706E43A}.Debug|Any CPU.ActiveCfg = Debug|Any CPU
		{839A403E-9E64-4F46-838D-CB833706E43A}.Debug|Any CPU.Build.0 = Debug|Any CPU
		{839A403E-9E64-4F46-838D-CB833706E43A}.Release|Any CPU.ActiveCfg = Release|Any CPU
		{839A403E-9E64-4F46-838D-CB833706E43A}.Release|Any CPU.Build.0 = Release|Any CPU
		{6B158873-47B5-4463-AC0D-40E1B6986A88}.Debug|Any CPU.ActiveCfg = Debug|Any CPU
		{6B158873-47B5-4463-AC0D-40E1B6986A88}.Debug|Any CPU.Build.0 = Debug|Any CPU
		{6B158873-47B5-4463-AC0D-40E1B6986A88}.Release|Any CPU.ActiveCfg = Release|Any CPU
		{6B158873-47B5-4463-AC0D-40E1B6986A88}.Release|Any CPU.Build.0 = Release|Any CPU
	EndGlobalSection
EndGlobal
